
Microsoft Visual Studio Solution File, Format Version 12.00
# Visual Studio 15
Project("{FAE04EC0-301F-11D3-BF4B-00C04F79EFBC}") = "Assembly-CSharp", "Assembly-CSharp.csproj", "{04AA0A81-A556-0C5C-AA94-D6C15F51F8C7}"
EndProject
Project("{FAE04EC0-301F-11D3-BF4B-00C04F79EFBC}") = "Assembly-CSharp-Editor", "Assembly-CSharp-Editor.csproj", "{94E9008D-ABED-5C22-51D1-F9A4D8A09A60}"
EndProject
Global
	GlobalSection(SolutionConfigurationPlatforms) = preSolution
		Debug|Any CPU = Debug|Any CPU
		Release|Any CPU = Release|Any CPU
	EndGlobalSection
	GlobalSection(ProjectConfigurationPlatforms) = postSolution
		{04AA0A81-A556-0C5C-AA94-D6C15F51F8C7}.Debug|Any CPU.ActiveCfg = Debug|Any CPU
		{04AA0A81-A556-0C5C-AA94-D6C15F51F8C7}.Debug|Any CPU.Build.0 = Debug|Any CPU
		{04AA0A81-A556-0C5C-AA94-D6C15F51F8C7}.Release|Any CPU.ActiveCfg = Release|Any CPU
		{04AA0A81-A556-0C5C-AA94-D6C15F51F8C7}.Release|Any CPU.Build.0 = Release|Any CPU
		{94E9008D-ABED-5C22-51D1-F9A4D8A09A60}.Debug|Any CPU.ActiveCfg = Debug|Any CPU
		{94E9008D-ABED-5C22-51D1-F9A4D8A09A60}.Debug|Any CPU.Build.0 = Debug|Any CPU
		{94E9008D-ABED-5C22-51D1-F9A4D8A09A60}.Release|Any CPU.ActiveCfg = Release|Any CPU
		{94E9008D-ABED-5C22-51D1-F9A4D8A09A60}.Release|Any CPU.Build.0 = Release|Any CPU
	EndGlobalSection
	GlobalSection(SolutionProperties) = preSolution
		HideSolutionNode = FALSE
	EndGlobalSection
EndGlobal
